
Microsoft Visual Studio Solution File, Format Version 12.00
# Visual Studio Version 16
VisualStudioVersion = 16.0.30621.155
MinimumVisualStudioVersion = 10.0.40219.1
Project("{FAE04EC0-301F-11D3-BF4B-00C04F79EFBC}") = "FormMainGUI", "FormMainGUI\FormMainGUI.csproj", "{0D80D172-132C-4BBE-BC84-EC218AD0E821}"
EndProject
Project("{54435603-DBB4-11D2-8724-00A0C9A8B90C}") = "Setup", "Setup\Setup.vdproj", "{A31B47D8-F694-465D-A3AB-6DE2FA972BC0}"
EndProject
Global
	GlobalSection(SolutionConfigurationPlatforms) = preSolution
		Debug|Any CPU = Debug|Any CPU
		Release|Any CPU = Release|Any CPU
	EndGlobalSection
	GlobalSection(ProjectConfigurationPlatforms) = postSolution
		{0D80D172-132C-4BBE-BC84-EC218AD0E821}.Debug|Any CPU.ActiveCfg = Release|Any CPU
		{0D80D172-132C-4BBE-BC84-EC218AD0E821}.Debug|Any CPU.Build.0 = Release|Any CPU
		{0D80D172-132C-4BBE-BC84-EC218AD0E821}.Release|Any CPU.ActiveCfg = Release|Any CPU
		{0D80D172-132C-4BBE-BC84-EC218AD0E821}.Release|Any CPU.Build.0 = Release|Any CPU
		{A31B47D8-F694-465D-A3AB-6DE2FA972BC0}.Debug|Any CPU.ActiveCfg = Debug
		{A31B47D8-F694-465D-A3AB-6DE2FA972BC0}.Release|Any CPU.ActiveCfg = Release
	EndGlobalSection
	GlobalSection(SolutionProperties) = preSolution
		HideSolutionNode = FALSE
	EndGlobalSection
	GlobalSection(ExtensibilityGlobals) = postSolution
		SolutionGuid = {C063AD5B-184A-4365-95B1-CC88A441ED5B}
	EndGlobalSection
EndGlobal
